// !$*UTF8*$!
{
	archiveVersion = 1;
	classes = {
	};
	objectVersion = 46;
	objects = {

/* Begin PBXBuildFile section */
		C9D2A62E1AE5D5BF00D53484 /* AppDelegate.swift in Sources */ = {isa = PBXBuildFile; fileRef = C9D2A62D1AE5D5BF00D53484 /* AppDelegate.swift */; };
		C9D2A6301AE5D5BF00D53484 /* ViewController.swift in Sources */ = {isa = PBXBuildFile; fileRef = C9D2A62F1AE5D5BF00D53484 /* ViewController.swift */; };
		C9D2A6331AE5D5BF00D53484 /* Main.storyboard in Resources */ = {isa = PBXBuildFile; fileRef = C9D2A6311AE5D5BF00D53484 /* Main.storyboard */; };
		C9D2A6351AE5D5BF00D53484 /* Images.xcassets in Resources */ = {isa = PBXBuildFile; fileRef = C9D2A6341AE5D5BF00D53484 /* Images.xcassets */; };
		C9D2A6381AE5D5BF00D53484 /* LaunchScreen.xib in Resources */ = {isa = PBXBuildFile; fileRef = C9D2A6361AE5D5BF00D53484 /* LaunchScreen.xib */; };
		C9D2A6441AE5D5BF00D53484 /* ashfurrowchap1Tests.swift in Sources */ = {isa = PBXBuildFile; fileRef = C9D2A6431AE5D5BF00D53484 /* ashfurrowchap1Tests.swift */; };
/* End PBXBuildFile section */

/* Begin PBXContainerItemProxy section */
		C9D2A63E1AE5D5BF00D53484 /* PBXContainerItemProxy */ = {
			isa = PBXContainerItemProxy;
			containerPortal = C9D2A6201AE5D5BF00D53484 /* Project object */;
			proxyType = 1;
			remoteGlobalIDString = C9D2A6271AE5D5BF00D53484;
			remoteInfo = ashfurrowchap1;
		};
/* End PBXContainerItemProxy section */

/* Begin PBXFileReference section */
		C9D2A6281AE5D5BF00D53484 /* ashfurrowchap1.app */ = {isa = PBXFileReference; explicitFileType = wrapper.application; includeInIndex = 0; path = ashfurrowchap1.app; sourceTree = BUILT_PRODUCTS_DIR; };
		C9D2A62C1AE5D5BF00D53484 /* Info.plist */ = {isa = PBXFileReference; lastKnownFileType = text.plist.xml; path = Info.plist; sourceTree = "<group>"; };
		C9D2A62D1AE5D5BF00D53484 /* AppDelegate.swift */ = {isa = PBXFileReference; lastKnownFileType = sourcecode.swift; path = AppDelegate.swift; sourceTree = "<group>"; };
		C9D2A62F1AE5D5BF00D53484 /* ViewController.swift */ = {isa = PBXFileReference; lastKnownFileType = sourcecode.swift; path = ViewController.swift; sourceTree = "<group>"; };
		C9D2A6321AE5D5BF00D53484 /* Base */ = {isa = PBXFileReference; lastKnownFileType = file.storyboard; name = Base; path = Base.lproj/Main.storyboard; sourceTree = "<group>"; };
		C9D2A6341AE5D5BF00D53484 /* Images.xcassets */ = {isa = PBXFileReference; lastKnownFileType = folder.assetcatalog; path = Images.xcassets; sourceTree = "<group>"; };
		C9D2A6371AE5D5BF00D53484 /* Base */ = {isa = PBXFileReference; lastKnownFileType = file.xib; name = Base; path = Base.lproj/LaunchScreen.xib; sourceTree = "<group>"; };
		C9D2A63D1AE5D5BF00D53484 /* ashfurrowchap1Tests.xctest */ = {isa = PBXFileReference; explicitFileType = wrapper.cfbundle; includeInIndex = 0; path = ashfurrowchap1Tests.xctest; sourceTree = BUILT_PRODUCTS_DIR; };
		C9D2A6421AE5D5BF00D53484 /* Info.plist */ = {isa = PBXFileReference; lastKnownFileType = text.plist.xml; path = Info.plist; sourceTree = "<group>"; };
		C9D2A6431AE5D5BF00D53484 /* ashfurrowchap1Tests.swift */ = {isa = PBXFileReference; lastKnownFileType = sourcecode.swift; path = ashfurrowchap1Tests.swift; sourceTree = "<group>"; };
/* End PBXFileReference section */

/* Begin PBXFrameworksBuildPhase section */
		C9D2A6251AE5D5BF00D53484 /* Frameworks */ = {
			isa = PBXFrameworksBuildPhase;
			buildActionMask = 2147483647;
			files = (
			);
			runOnlyForDeploymentPostprocessing = 0;
		};
		C9D2A63A1AE5D5BF00D53484 /* Frameworks */ = {
			isa = PBXFrameworksBuildPhase;
			buildActionMask = 2147483647;
			files = (
			);
			runOnlyForDeploymentPostprocessing = 0;
		};
/* End PBXFrameworksBuildPhase section */

/* Begin PBXGroup section */
		C9D2A61F1AE5D5BF00D53484 = {
			isa = PBXGroup;
			children = (
				C9D2A62A1AE5D5BF00D53484 /* ashfurrowchap1 */,
				C9D2A6401AE5D5BF00D53484 /* ashfurrowchap1Tests */,
				C9D2A6291AE5D5BF00D53484 /* Products */,
			);
			sourceTree = "<group>";
		};
		C9D2A6291AE5D5BF00D53484 /* Products */ = {
			isa = PBXGroup;
			children = (
				C9D2A6281AE5D5BF00D53484 /* ashfurrowchap1.app */,
				C9D2A63D1AE5D5BF00D53484 /* ashfurrowchap1Tests.xctest */,
			);
			name = Products;
			sourceTree = "<group>";
		};
		C9D2A62A1AE5D5BF00D53484 /* ashfurrowchap1 */ = {
			isa = PBXGroup;
			children = (
				C9D2A62D1AE5D5BF00D53484 /* AppDelegate.swift */,
				C9D2A62F1AE5D5BF00D53484 /* ViewController.swift */,
				C9D2A6311AE5D5BF00D53484 /* Main.storyboard */,
				C9D2A6341AE5D5BF00D53484 /* Images.xcassets */,
				C9D2A6361AE5D5BF00D53484 /* LaunchScreen.xib */,
				C9D2A62B1AE5D5BF00D53484 /* Supporting Files */,
			);
			path = ashfurrowchap1;
			sourceTree = "<group>";
		};
		C9D2A62B1AE5D5BF00D53484 /* Supporting Files */ = {
			isa = PBXGroup;
			children = (
				C9D2A62C1AE5D5BF00D53484 /* Info.plist */,
			);
			name = "Supporting Files";
			sourceTree = "<group>";
		};
		C9D2A6401AE5D5BF00D53484 /* ashfurrowchap1Tests */ = {
			isa = PBXGroup;
			children = (
				C9D2A6431AE5D5BF00D53484 /* ashfurrowchap1Tests.swift */,
				C9D2A6411AE5D5BF00D53484 /* Supporting Files */,
			);
			path = ashfurrowchap1Tests;
			sourceTree = "<group>";
		};
		C9D2A6411AE5D5BF00D53484 /* Supporting Files */ = {
			isa = PBXGroup;
			children = (
				C9D2A6421AE5D5BF00D53484 /* Info.plist */,
			);
			name = "Supporting Files";
			sourceTree = "<group>";
		};
/* End PBXGroup section */

/* Begin PBXNativeTarget section */
		C9D2A6271AE5D5BF00D53484 /* ashfurrowchap1 */ = {
			isa = PBXNativeTarget;
			buildConfigurationList = C9D2A6471AE5D5BF00D53484 /* Build configuration list for PBXNativeTarget "ashfurrowchap1" */;
			buildPhases = (
				C9D2A6241AE5D5BF00D53484 /* Sources */,
				C9D2A6251AE5D5BF00D53484 /* Frameworks */,
				C9D2A6261AE5D5BF00D53484 /* Resources */,
			);
			buildRules = (
			);
			dependencies = (
			);
			name = ashfurrowchap1;
			productName = ashfurrowchap1;
			productReference = C9D2A6281AE5D5BF00D53484 /* ashfurrowchap1.app */;
			productType = "com.apple.product-type.application";
		};
		C9D2A63C1AE5D5BF00D53484 /* ashfurrowchap1Tests */ = {
			isa = PBXNativeTarget;
			buildConfigurationList = C9D2A64A1AE5D5BF00D53484 /* Build configuration list for PBXNativeTarget "ashfurrowchap1Tests" */;
			buildPhases = (
				C9D2A6391AE5D5BF00D53484 /* Sources */,
				C9D2A63A1AE5D5BF00D53484 /* Frameworks */,
				C9D2A63B1AE5D5BF00D53484 /* Resources */,
			);
			buildRules = (
			);
			dependencies = (
				C9D2A63F1AE5D5BF00D53484 /* PBXTargetDependency */,
			);
			name = ashfurrowchap1Tests;
			productName = ashfurrowchap1Tests;
			productReference = C9D2A63D1AE5D5BF00D53484 /* ashfurrowchap1Tests.xctest */;
			productType = "com.apple.product-type.bundle.unit-test";
		};
/* End PBXNativeTarget section */

/* Begin PBXProject section */
		C9D2A6201AE5D5BF00D53484 /* Project object */ = {
			isa = PBXProject;
			attributes = {
				LastUpgradeCheck = 0630;
				ORGANIZATIONNAME = "Michael Prenez-Isbell";
				TargetAttributes = {
					C9D2A6271AE5D5BF00D53484 = {
						CreatedOnToolsVersion = 6.3;
					};
					C9D2A63C1AE5D5BF00D53484 = {
						CreatedOnToolsVersion = 6.3;
						TestTargetID = C9D2A6271AE5D5BF00D53484;
					};
				};
			};
			buildConfigurationList = C9D2A6231AE5D5BF00D53484 /* Build configuration list for PBXProject "ashfurrowchap1" */;
			compatibilityVersion = "Xcode 3.2";
			developmentRegion = English;
			hasScannedForEncodings = 0;
			knownRegions = (
				en,
				Base,
			);
			mainGroup = C9D2A61F1AE5D5BF00D53484;
			productRefGroup = C9D2A6291AE5D5BF00D53484 /* Products */;
			projectDirPath = "";
			projectRoot = "";
			targets = (
				C9D2A6271AE5D5BF00D53484 /* ashfurrowchap1 */,
				C9D2A63C1AE5D5BF00D53484 /* ashfurrowchap1Tests */,
			);
		};
/* End PBXProject section */

/* Begin PBXResourcesBuildPhase section */
		C9D2A6261AE5D5BF00D53484 /* Resources */ = {
			isa = PBXResourcesBuildPhase;
			buildActionMask = 2147483647;
			files = (
				C9D2A6331AE5D5BF00D53484 /* Main.storyboard in Resources */,
				C9D2A6381AE5D5BF00D53484 /* LaunchScreen.xib in Resources */,
				C9D2A6351AE5D5BF00D53484 /* Images.xcassets in Resources */,
			);
			runOnlyForDeploymentPostprocessing = 0;
		};
		C9D2A63B1AE5D5BF00D53484 /* Resources */ = {
			isa = PBXResourcesBuildPhase;
			buildActionMask = 2147483647;
			files = (
			);
			runOnlyForDeploymentPostprocessing = 0;
		};
/* End PBXResourcesBuildPhase section */

/* Begin PBXSourcesBuildPhase section */
		C9D2A6241AE5D5BF00D53484 /* Sources */ = {
			isa = PBXSourcesBuildPhase;
			buildActionMask = 2147483647;
			files = (
				C9D2A6301AE5D5BF00D53484 /* ViewController.swift in Sources */,
				C9D2A62E1AE5D5BF00D53484 /* AppDelegate.swift in Sources */,
			);
			runOnlyForDeploymentPostprocessing = 0;
		};
		C9D2A6391AE5D5BF00D53484 /* Sources */ = {
			isa = PBXSourcesBuildPhase;
			buildActionMask = 2147483647;
			files = (
				C9D2A6441AE5D5BF00D53484 /* ashfurrowchap1Tests.swift in Sources */,
			);
			runOnlyForDeploymentPostprocessing = 0;
		};
/* End PBXSourcesBuildPhase section */

/* Begin PBXTargetDependency section */
		C9D2A63F1AE5D5BF00D53484 /* PBXTargetDependency */ = {
			isa = PBXTargetDependency;
			target = C9D2A6271AE5D5BF00D53484 /* ashfurrowchap1 */;
			targetProxy = C9D2A63E1AE5D5BF00D53484 /* PBXContainerItemProxy */;
		};
/* End PBXTargetDependency section */

/* Begin PBXVariantGroup section */
		C9D2A6311AE5D5BF00D53484 /* Main.storyboard */ = {
			isa = PBXVariantGroup;
			children = (
				C9D2A6321AE5D5BF00D53484 /* Base */,
			);
			name = Main.storyboard;
			sourceTree = "<group>";
		};
		C9D2A6361AE5D5BF00D53484 /* LaunchScreen.xib */ = {
			isa = PBXVariantGroup;
			children = (
				C9D2A6371AE5D5BF00D53484 /* Base */,
			);
			name = LaunchScreen.xib;
			sourceTree = "<group>";
		};
/* End PBXVariantGroup section */

/* Begin XCBuildConfiguration section */
		C9D2A6451AE5D5BF00D53484 /* Debug */ = {
			isa = XCBuildConfiguration;
			buildSettings = {
				ALWAYS_SEARCH_USER_PATHS = NO;
				CLANG_CXX_LANGUAGE_STANDARD = "gnu++0x";
				CLANG_CXX_LIBRARY = "libc++";
				CLANG_ENABLE_MODULES = YES;
				CLANG_ENABLE_OBJC_ARC = YES;
				CLANG_WARN_BOOL_CONVERSION = YES;
				CLANG_WARN_CONSTANT_CONVERSION = YES;
				CLANG_WARN_DIRECT_OBJC_ISA_USAGE = YES_ERROR;
				CLANG_WARN_EMPTY_BODY = YES;
				CLANG_WARN_ENUM_CONVERSION = YES;
				CLANG_WARN_INT_CONVERSION = YES;
				CLANG_WARN_OBJC_ROOT_CLASS = YES_ERROR;
				CLANG_WARN_UNREACHABLE_CODE = YES;
				CLANG_WARN__DUPLICATE_METHOD_MATCH = YES;
				"CODE_SIGN_IDENTITY[sdk=iphoneos*]" = "iPhone Developer";
				COPY_PHASE_STRIP = NO;
				DEBUG_INFORMATION_FORMAT = "dwarf-with-dsym";
				ENABLE_STRICT_OBJC_MSGSEND = YES;
				GCC_C_LANGUAGE_STANDARD = gnu99;
				GCC_DYNAMIC_NO_PIC = NO;
				GCC_NO_COMMON_BLOCKS = YES;
				GCC_OPTIMIZATION_LEVEL = 0;
				GCC_PREPROCESSOR_DEFINITIONS = (
					"DEBUG=1",
					"$(inherited)",
				);
				GCC_SYMBOLS_PRIVATE_EXTERN = NO;
				GCC_WARN_64_TO_32_BIT_CONVERSION = YES;
				GCC_WARN_ABOUT_RETURN_TYPE = YES_ERROR;
				GCC_WARN_UNDECLARED_SELECTOR = YES;
				GCC_WARN_UNINITIALIZED_AUTOS = YES_AGGRESSIVE;
				GCC_WARN_UNUSED_FUNCTION = YES;
				GCC_WARN_UNUSED_VARIABLE = YES;
				IPHONEOS_DEPLOYMENT_TARGET = 8.3;
				MTL_ENABLE_DEBUG_INFO = YES;
				ONLY_ACTIVE_ARCH = YES;
				SDKROOT = iphoneos;
				SWIFT_OPTIMIZATION_LEVEL = "-Onone";
			};
			name = Debug;
		};
		C9D2A6461AE5D5BF00D53484 /* Release */ = {
			isa = XCBuildConfiguration;
			buildSettings = {
				ALWAYS_SEARCH_USER_PATHS = NO;
				CLANG_CXX_LANGUAGE_STANDARD = "gnu++0x";
				CLANG_CXX_LIBRARY = "libc++";
				CLANG_ENABLE_MODULES = YES;
				CLANG_ENABLE_OBJC_ARC = YES;
				CLANG_WARN_BOOL_CONVERSION = YES;
				CLANG_WARN_CONSTANT_CONVERSION = YES;
				CLANG_WARN_DIRECT_OBJC_ISA_USAGE = YES_ERROR;
				CLANG_WARN_EMPTY_BODY = YES;
				CLANG_WARN_ENUM_CONVERSION = YES;
				CLANG_WARN_INT_CONVERSION = YES;
				CLANG_WARN_OBJC_ROOT_CLASS = YES_ERROR;
				CLANG_WARN_UNREACHABLE_CODE = YES;
				CLANG_WARN__DUPLICATE_METHOD_MATCH = YES;
				"CODE_SIGN_IDENTITY[sdk=iphoneos*]" = "iPhone Developer";
				COPY_PHASE_STRIP = NO;
				DEBUG_INFORMATION_FORMAT = "dwarf-with-dsym";
				ENABLE_NS_ASSERTIONS = NO;
				ENABLE_STRICT_OBJC_MSGSEND = YES;
				GCC_C_LANGUAGE_STANDARD = gnu99;
				GCC_NO_COMMON_BLOCKS = YES;
				GCC_WARN_64_TO_32_BIT_CONVERSION = YES;
				GCC_WARN_ABOUT_RETURN_TYPE = YES_ERROR;
				GCC_WARN_UNDECLARED_SELECTOR = YES;
				GCC_WARN_UNINITIALIZED_AUTOS = YES_AGGRESSIVE;
				GCC_WARN_UNUSED_FUNCTION = YES;
				GCC_WARN_UNUSED_VARIABLE = YES;
				IPHONEOS_DEPLOYMENT_TARGET = 8.3;
				MTL_ENABLE_DEBUG_INFO = NO;
				SDKROOT = iphoneos;
				VALIDATE_PRODUCT = YES;
			};
			name = Release;
		};
		C9D2A6481AE5D5BF00D53484 /* Debug */ = {
			isa = XCBuildConfiguration;
			buildSettings = {
				ASSETCATALOG_COMPILER_APPICON_NAME = AppIcon;
				INFOPLIST_FILE = ashfurrowchap1/Info.plist;
				LD_RUNPATH_SEARCH_PATHS = "$(inherited) @executable_path/Frameworks";
				PRODUCT_NAME = "$(TARGET_NAME)";
			};
			name = Debug;
		};
		C9D2A6491AE5D5BF00D53484 /* Release */ = {
			isa = XCBuildConfiguration;
			buildSettings = {
				ASSETCATALOG_COMPILER_APPICON_NAME = AppIcon;
				INFOPLIST_FILE = ashfurrowchap1/Info.plist;
				LD_RUNPATH_SEARCH_PATHS = "$(inherited) @executable_path/Frameworks";
				PRODUCT_NAME = "$(TARGET_NAME)";
			};
			name = Release;
		};
		C9D2A64B1AE5D5BF00D53484 /* Debug */ = {
			isa = XCBuildConfiguration;
			buildSettings = {
				BUNDLE_LOADER = "$(TEST_HOST)";
				FRAMEWORK_SEARCH_PATHS = (
					"$(SDKROOT)/Developer/Library/Frameworks",
					"$(inherited)",
				);
				GCC_PREPROCESSOR_DEFINITIONS = (
					"DEBUG=1",
					"$(inherited)",
				);
				INFOPLIST_FILE = ashfurrowchap1Tests/Info.plist;
				LD_RUNPATH_SEARCH_PATHS = "$(inherited) @executable_path/Frameworks @loader_path/Frameworks";
				PRODUCT_NAME = "$(TARGET_NAME)";
				TEST_HOST = "$(BUILT_PRODUCTS_DIR)/ashfurrowchap1.app/ashfurrowchap1";
			};
			name = Debug;
		};
		C9D2A64C1AE5D5BF00D53484 /* Release */ = {
			isa = XCBuildConfiguration;
			buildSettings = {
				BUNDLE_LOADER = "$(TEST_HOST)";
				FRAMEWORK_SEARCH_PATHS = (
					"$(SDKROOT)/Developer/Library/Frameworks",
					"$(inherited)",
				);
				INFOPLIST_FILE = ashfurrowchap1Tests/Info.plist;
				LD_RUNPATH_SEARCH_PATHS = "$(inherited) @executable_path/Frameworks @loader_path/Frameworks";
				PRODUCT_NAME = "$(TARGET_NAME)";
				TEST_HOST = "$(BUILT_PRODUCTS_DIR)/ashfurrowchap1.app/ashfurrowchap1";
			};
			name = Release;
		};
/* End XCBuildConfiguration section */

/* Begin XCConfigurationList section */
		C9D2A6231AE5D5BF00D53484 /* Build configuration list for PBXProject "ashfurrowchap1" */ = {
			isa = XCConfigurationList;
			buildConfigurations = (
				C9D2A6451AE5D5BF00D53484 /* Debug */,
				C9D2A6461AE5D5BF00D53484 /* Release */,
			);
			defaultConfigurationIsVisible = 0;
			defaultConfigurationName = Release;
		};
		C9D2A6471AE5D5BF00D53484 /* Build configuration list for PBXNativeTarget "ashfurrowchap1" */ = {
			isa = XCConfigurationList;
			buildConfigurations = (
				C9D2A6481AE5D5BF00D53484 /* Debug */,
				C9D2A6491AE5D5BF00D53484 /* Release */,
			);
			defaultConfigurationIsVisible = 0;
		};
		C9D2A64A1AE5D5BF00D53484 /* Build configuration list for PBXNativeTarget "ashfurrowchap1Tests" */ = {
			isa = XCConfigurationList;
			buildConfigurations = (
				C9D2A64B1AE5D5BF00D53484 /* Debug */,
				C9D2A64C1AE5D5BF00D53484 /* Release */,
			);
			defaultConfigurationIsVisible = 0;
		};
/* End XCConfigurationList section */
	};
	rootObject = C9D2A6201AE5D5BF00D53484 /* Project object */;
}
